
Microsoft Visual Studio Solution File, Format Version 12.00
Project("{FAE04EC0-301F-11D3-BF4B-00C04F79EFBC}") = "APBD_project1", "APBD_project1\APBD_project1.csproj", "{3DF60AC8-830E-486A-855B-881C2626B333}"
EndProject
Global
	GlobalSection(SolutionConfigurationPlatforms) = preSolution
		Debug|Any CPU = Debug|Any CPU
		Release|Any CPU = Release|Any CPU
	EndGlobalSection
	GlobalSection(ProjectConfigurationPlatforms) = postSolution
		{3DF60AC8-830E-486A-855B-881C2626B333}.Debug|Any CPU.ActiveCfg = Debug|Any CPU
		{3DF60AC8-830E-486A-855B-881C2626B333}.Debug|Any CPU.Build.0 = Debug|Any CPU
		{3DF60AC8-830E-486A-855B-881C2626B333}.Release|Any CPU.ActiveCfg = Release|Any CPU
		{3DF60AC8-830E-486A-855B-881C2626B333}.Release|Any CPU.Build.0 = Release|Any CPU
	EndGlobalSection
EndGlobal
